// !$*UTF8*$!
{
	archiveVersion = 1;
	classes = {
	};
	objectVersion = 46;
	objects = {

/* Begin PBXBuildFile section */
		5B0FA94216DEEEDD0068141D /* Foundation.framework in Frameworks */ = {isa = PBXBuildFile; fileRef = 5B1C9BEA16D1356000D90043 /* Foundation.framework */; };
		5B0FA94D16DEEEFE0068141D /* AFHTTPClient.m in Sources */ = {isa = PBXBuildFile; fileRef = 5B1C9BF916D135C900D90043 /* AFHTTPClient.m */; };
		5B0FA94E16DEEEFF0068141D /* AFHTTPRequestOperation.m in Sources */ = {isa = PBXBuildFile; fileRef = 5B1C9BFB16D135C900D90043 /* AFHTTPRequestOperation.m */; };
		5B0FA94F16DEEEFF0068141D /* AFImageRequestOperation.m in Sources */ = {isa = PBXBuildFile; fileRef = 5B1C9BFD16D135C900D90043 /* AFImageRequestOperation.m */; };
		5B0FA95016DEEEFF0068141D /* AFJSONRequestOperation.m in Sources */ = {isa = PBXBuildFile; fileRef = 5B1C9BFF16D135C900D90043 /* AFJSONRequestOperation.m */; };
		5B0FA95116DEEEFF0068141D /* AFNetworkActivityIndicatorManager.m in Sources */ = {isa = PBXBuildFile; fileRef = 5B1C9C0116D135C900D90043 /* AFNetworkActivityIndicatorManager.m */; };
		5B0FA95216DEEEFF0068141D /* AFPropertyListRequestOperation.m in Sources */ = {isa = PBXBuildFile; fileRef = 5B1C9C0416D135C900D90043 /* AFPropertyListRequestOperation.m */; };
		5B0FA95316DEEEFF0068141D /* AFURLConnectionOperation.m in Sources */ = {isa = PBXBuildFile; fileRef = 5B1C9C0616D135C900D90043 /* AFURLConnectionOperation.m */; };
		5B0FA95416DEEEFF0068141D /* AFXMLRequestOperation.m in Sources */ = {isa = PBXBuildFile; fileRef = 5B1C9C0816D135C900D90043 /* AFXMLRequestOperation.m */; };
		5B0FA95516DEEEFF0068141D /* UIImageView+AFNetworking.m in Sources */ = {isa = PBXBuildFile; fileRef = 5B1C9C0A16D135C900D90043 /* UIImageView+AFNetworking.m */; };
		5B0FA95716DEEF1F0068141D /* AFHTTPClient.h in Headers */ = {isa = PBXBuildFile; fileRef = 5B1C9BF816D135C900D90043 /* AFHTTPClient.h */; settings = {ATTRIBUTES = (Public, ); }; };
		5B0FA95816DEEF1F0068141D /* AFHTTPRequestOperation.h in Headers */ = {isa = PBXBuildFile; fileRef = 5B1C9BFA16D135C900D90043 /* AFHTTPRequestOperation.h */; settings = {ATTRIBUTES = (Public, ); }; };
		5B0FA95916DEEF1F0068141D /* AFImageRequestOperation.h in Headers */ = {isa = PBXBuildFile; fileRef = 5B1C9BFC16D135C900D90043 /* AFImageRequestOperation.h */; settings = {ATTRIBUTES = (Public, ); }; };
		5B0FA95A16DEEF1F0068141D /* AFJSONRequestOperation.h in Headers */ = {isa = PBXBuildFile; fileRef = 5B1C9BFE16D135C900D90043 /* AFJSONRequestOperation.h */; settings = {ATTRIBUTES = (Public, ); }; };
		5B0FA95B16DEEF1F0068141D /* AFNetworkActivityIndicatorManager.h in Headers */ = {isa = PBXBuildFile; fileRef = 5B1C9C0016D135C900D90043 /* AFNetworkActivityIndicatorManager.h */; settings = {ATTRIBUTES = (Public, ); }; };
		5B0FA95D16DEEF1F0068141D /* AFPropertyListRequestOperation.h in Headers */ = {isa = PBXBuildFile; fileRef = 5B1C9C0316D135C900D90043 /* AFPropertyListRequestOperation.h */; settings = {ATTRIBUTES = (Public, ); }; };
		5B0FA95E16DEEF1F0068141D /* AFURLConnectionOperation.h in Headers */ = {isa = PBXBuildFile; fileRef = 5B1C9C0516D135C900D90043 /* AFURLConnectionOperation.h */; settings = {ATTRIBUTES = (Public, ); }; };
		5B0FA95F16DEEF1F0068141D /* AFXMLRequestOperation.h in Headers */ = {isa = PBXBuildFile; fileRef = 5B1C9C0716D135C900D90043 /* AFXMLRequestOperation.h */; settings = {ATTRIBUTES = (Public, ); }; };
		5B0FA96016DEEF1F0068141D /* UIImageView+AFNetworking.h in Headers */ = {isa = PBXBuildFile; fileRef = 5B1C9C0916D135C900D90043 /* UIImageView+AFNetworking.h */; settings = {ATTRIBUTES = (Public, ); }; };
		5B0FA96C16DEF3C40068141D /* AFNetworking.h in Headers */ = {isa = PBXBuildFile; fileRef = 5B0FA96B16DEF3C40068141D /* AFNetworking.h */; settings = {ATTRIBUTES = (Public, ); }; };
/* End PBXBuildFile section */

/* Begin PBXCopyFilesBuildPhase section */
		5B0FA93F16DEEEDD0068141D /* CopyFiles */ = {
			isa = PBXCopyFilesBuildPhase;
			buildActionMask = 2147483647;
			dstPath = "include/${PRODUCT_NAME}";
			dstSubfolderSpec = 16;
			files = (
			);
			runOnlyForDeploymentPostprocessing = 0;
		};
/* End PBXCopyFilesBuildPhase section */

/* Begin PBXFileReference section */
		5B0FA94116DEEEDD0068141D /* libAFNetworking.a */ = {isa = PBXFileReference; explicitFileType = archive.ar; includeInIndex = 0; path = libAFNetworking.a; sourceTree = BUILT_PRODUCTS_DIR; };
		5B0FA96B16DEF3C40068141D /* AFNetworking.h */ = {isa = PBXFileReference; fileEncoding = 4; lastKnownFileType = sourcecode.c.h; path = AFNetworking.h; sourceTree = "<group>"; };
		5B1C9BEA16D1356000D90043 /* Foundation.framework */ = {isa = PBXFileReference; lastKnownFileType = wrapper.framework; name = Foundation.framework; path = System/Library/Frameworks/Foundation.framework; sourceTree = SDKROOT; };
		5B1C9BEE16D1356000D90043 /* AFNetworking-Info.plist */ = {isa = PBXFileReference; lastKnownFileType = text.plist.xml; path = "AFNetworking-Info.plist"; sourceTree = "<group>"; };
		5B1C9BF016D1356000D90043 /* en */ = {isa = PBXFileReference; lastKnownFileType = text.plist.strings; name = en; path = en.lproj/InfoPlist.strings; sourceTree = "<group>"; };
		5B1C9BF216D1356000D90043 /* AFNetworking-Prefix.pch */ = {isa = PBXFileReference; lastKnownFileType = sourcecode.c.h; path = "AFNetworking-Prefix.pch"; sourceTree = "<group>"; };
		5B1C9BF816D135C900D90043 /* AFHTTPClient.h */ = {isa = PBXFileReference; fileEncoding = 4; lastKnownFileType = sourcecode.c.h; path = AFHTTPClient.h; sourceTree = "<group>"; };
		5B1C9BF916D135C900D90043 /* AFHTTPClient.m */ = {isa = PBXFileReference; fileEncoding = 4; lastKnownFileType = sourcecode.c.objc; path = AFHTTPClient.m; sourceTree = "<group>"; };
		5B1C9BFA16D135C900D90043 /* AFHTTPRequestOperation.h */ = {isa = PBXFileReference; fileEncoding = 4; lastKnownFileType = sourcecode.c.h; path = AFHTTPRequestOperation.h; sourceTree = "<group>"; };
		5B1C9BFB16D135C900D90043 /* AFHTTPRequestOperation.m */ = {isa = PBXFileReference; fileEncoding = 4; lastKnownFileType = sourcecode.c.objc; path = AFHTTPRequestOperation.m; sourceTree = "<group>"; };
		5B1C9BFC16D135C900D90043 /* AFImageRequestOperation.h */ = {isa = PBXFileReference; fileEncoding = 4; lastKnownFileType = sourcecode.c.h; path = AFImageRequestOperation.h; sourceTree = "<group>"; };
		5B1C9BFD16D135C900D90043 /* AFImageRequestOperation.m */ = {isa = PBXFileReference; fileEncoding = 4; lastKnownFileType = sourcecode.c.objc; path = AFImageRequestOperation.m; sourceTree = "<group>"; };
		5B1C9BFE16D135C900D90043 /* AFJSONRequestOperation.h */ = {isa = PBXFileReference; fileEncoding = 4; lastKnownFileType = sourcecode.c.h; path = AFJSONRequestOperation.h; sourceTree = "<group>"; };
		5B1C9BFF16D135C900D90043 /* AFJSONRequestOperation.m */ = {isa = PBXFileReference; fileEncoding = 4; lastKnownFileType = sourcecode.c.objc; path = AFJSONRequestOperation.m; sourceTree = "<group>"; };
		5B1C9C0016D135C900D90043 /* AFNetworkActivityIndicatorManager.h */ = {isa = PBXFileReference; fileEncoding = 4; lastKnownFileType = sourcecode.c.h; path = AFNetworkActivityIndicatorManager.h; sourceTree = "<group>"; };
		5B1C9C0116D135C900D90043 /* AFNetworkActivityIndicatorManager.m */ = {isa = PBXFileReference; fileEncoding = 4; lastKnownFileType = sourcecode.c.objc; path = AFNetworkActivityIndicatorManager.m; sourceTree = "<group>"; };
		5B1C9C0316D135C900D90043 /* AFPropertyListRequestOperation.h */ = {isa = PBXFileReference; fileEncoding = 4; lastKnownFileType = sourcecode.c.h; path = AFPropertyListRequestOperation.h; sourceTree = "<group>"; };
		5B1C9C0416D135C900D90043 /* AFPropertyListRequestOperation.m */ = {isa = PBXFileReference; fileEncoding = 4; lastKnownFileType = sourcecode.c.objc; path = AFPropertyListRequestOperation.m; sourceTree = "<group>"; };
		5B1C9C0516D135C900D90043 /* AFURLConnectionOperation.h */ = {isa = PBXFileReference; fileEncoding = 4; lastKnownFileType = sourcecode.c.h; path = AFURLConnectionOperation.h; sourceTree = "<group>"; };
		5B1C9C0616D135C900D90043 /* AFURLConnectionOperation.m */ = {isa = PBXFileReference; fileEncoding = 4; lastKnownFileType = sourcecode.c.objc; path = AFURLConnectionOperation.m; sourceTree = "<group>"; };
		5B1C9C0716D135C900D90043 /* AFXMLRequestOperation.h */ = {isa = PBXFileReference; fileEncoding = 4; lastKnownFileType = sourcecode.c.h; path = AFXMLRequestOperation.h; sourceTree = "<group>"; };
		5B1C9C0816D135C900D90043 /* AFXMLRequestOperation.m */ = {isa = PBXFileReference; fileEncoding = 4; lastKnownFileType = sourcecode.c.objc; path = AFXMLRequestOperation.m; sourceTree = "<group>"; };
		5B1C9C0916D135C900D90043 /* UIImageView+AFNetworking.h */ = {isa = PBXFileReference; fileEncoding = 4; lastKnownFileType = sourcecode.c.h; path = "UIImageView+AFNetworking.h"; sourceTree = "<group>"; };
		5B1C9C0A16D135C900D90043 /* UIImageView+AFNetworking.m */ = {isa = PBXFileReference; fileEncoding = 4; lastKnownFileType = sourcecode.c.objc; path = "UIImageView+AFNetworking.m"; sourceTree = "<group>"; };
/* End PBXFileReference section */

/* Begin PBXFrameworksBuildPhase section */
		5B0FA93E16DEEEDD0068141D /* Frameworks */ = {
			isa = PBXFrameworksBuildPhase;
			buildActionMask = 2147483647;
			files = (
				5B0FA94216DEEEDD0068141D /* Foundation.framework in Frameworks */,
			);
			runOnlyForDeploymentPostprocessing = 0;
		};
/* End PBXFrameworksBuildPhase section */

/* Begin PBXGroup section */
		5B1C9BDA16D1356000D90043 = {
			isa = PBXGroup;
			children = (
				5B1C9BEC16D1356000D90043 /* AFNetworking */,
				5B1C9BE916D1356000D90043 /* Frameworks */,
				5B1C9BE816D1356000D90043 /* Products */,
			);
			sourceTree = "<group>";
		};
		5B1C9BE816D1356000D90043 /* Products */ = {
			isa = PBXGroup;
			children = (
				5B0FA94116DEEEDD0068141D /* libAFNetworking.a */,
			);
			name = Products;
			sourceTree = "<group>";
		};
		5B1C9BE916D1356000D90043 /* Frameworks */ = {
			isa = PBXGroup;
			children = (
				5B1C9BEA16D1356000D90043 /* Foundation.framework */,
			);
			name = Frameworks;
			sourceTree = "<group>";
		};
		5B1C9BEC16D1356000D90043 /* AFNetworking */ = {
			isa = PBXGroup;
			children = (
				5B0FA96B16DEF3C40068141D /* AFNetworking.h */,
				5B1C9BF816D135C900D90043 /* AFHTTPClient.h */,
				5B1C9BF916D135C900D90043 /* AFHTTPClient.m */,
				5B1C9BFA16D135C900D90043 /* AFHTTPRequestOperation.h */,
				5B1C9BFB16D135C900D90043 /* AFHTTPRequestOperation.m */,
				5B1C9BFC16D135C900D90043 /* AFImageRequestOperation.h */,
				5B1C9BFD16D135C900D90043 /* AFImageRequestOperation.m */,
				5B1C9BFE16D135C900D90043 /* AFJSONRequestOperation.h */,
				5B1C9BFF16D135C900D90043 /* AFJSONRequestOperation.m */,
				5B1C9C0016D135C900D90043 /* AFNetworkActivityIndicatorManager.h */,
				5B1C9C0116D135C900D90043 /* AFNetworkActivityIndicatorManager.m */,
				5B1C9C0316D135C900D90043 /* AFPropertyListRequestOperation.h */,
				5B1C9C0416D135C900D90043 /* AFPropertyListRequestOperation.m */,
				5B1C9C0516D135C900D90043 /* AFURLConnectionOperation.h */,
				5B1C9C0616D135C900D90043 /* AFURLConnectionOperation.m */,
				5B1C9C0716D135C900D90043 /* AFXMLRequestOperation.h */,
				5B1C9C0816D135C900D90043 /* AFXMLRequestOperation.m */,
				5B1C9C0916D135C900D90043 /* UIImageView+AFNetworking.h */,
				5B1C9C0A16D135C900D90043 /* UIImageView+AFNetworking.m */,
				5B1C9BED16D1356000D90043 /* Supporting Files */,
			);
			path = AFNetworking;
			sourceTree = "<group>";
		};
		5B1C9BED16D1356000D90043 /* Supporting Files */ = {
			isa = PBXGroup;
			children = (
				5B1C9BEE16D1356000D90043 /* AFNetworking-Info.plist */,
				5B1C9BEF16D1356000D90043 /* InfoPlist.strings */,
				5B1C9BF216D1356000D90043 /* AFNetworking-Prefix.pch */,
			);
			name = "Supporting Files";
			sourceTree = "<group>";
		};
/* End PBXGroup section */

/* Begin PBXHeadersBuildPhase section */
		5B0FA95616DEEF050068141D /* Headers */ = {
			isa = PBXHeadersBuildPhase;
			buildActionMask = 2147483647;
			files = (
				5B0FA96C16DEF3C40068141D /* AFNetworking.h in Headers */,
				5B0FA95716DEEF1F0068141D /* AFHTTPClient.h in Headers */,
				5B0FA95816DEEF1F0068141D /* AFHTTPRequestOperation.h in Headers */,
				5B0FA95916DEEF1F0068141D /* AFImageRequestOperation.h in Headers */,
				5B0FA95A16DEEF1F0068141D /* AFJSONRequestOperation.h in Headers */,
				5B0FA95B16DEEF1F0068141D /* AFNetworkActivityIndicatorManager.h in Headers */,
				5B0FA95D16DEEF1F0068141D /* AFPropertyListRequestOperation.h in Headers */,
				5B0FA95E16DEEF1F0068141D /* AFURLConnectionOperation.h in Headers */,
				5B0FA95F16DEEF1F0068141D /* AFXMLRequestOperation.h in Headers */,
				5B0FA96016DEEF1F0068141D /* UIImageView+AFNetworking.h in Headers */,
			);
			runOnlyForDeploymentPostprocessing = 0;
		};
/* End PBXHeadersBuildPhase section */

/* Begin PBXNativeTarget section */
		5B0FA94016DEEEDD0068141D /* AFNetworking */ = {
			isa = PBXNativeTarget;
			buildConfigurationList = 5B0FA94A16DEEEDD0068141D /* Build configuration list for PBXNativeTarget "AFNetworking" */;
			buildPhases = (
				5B0FA93D16DEEEDD0068141D /* Sources */,
				5B0FA95616DEEF050068141D /* Headers */,
				5B0FA93E16DEEEDD0068141D /* Frameworks */,
				5B0FA93F16DEEEDD0068141D /* CopyFiles */,
			);
			buildRules = (
			);
			dependencies = (
			);
			name = AFNetworking;
			productName = AFNetworking;
			productReference = 5B0FA94116DEEEDD0068141D /* libAFNetworking.a */;
			productType = "com.apple.product-type.library.static";
		};
/* End PBXNativeTarget section */

/* Begin PBXProject section */
		5B1C9BDB16D1356000D90043 /* Project object */ = {
			isa = PBXProject;
			attributes = {
				LastUpgradeCheck = 0460;
				ORGANIZATIONNAME = MadSwan;
			};
			buildConfigurationList = 5B1C9BDE16D1356000D90043 /* Build configuration list for PBXProject "AFNetworking" */;
			compatibilityVersion = "Xcode 3.2";
			developmentRegion = English;
			hasScannedForEncodings = 0;
			knownRegions = (
				en,
			);
			mainGroup = 5B1C9BDA16D1356000D90043;
			productRefGroup = 5B1C9BE816D1356000D90043 /* Products */;
			projectDirPath = "";
			projectRoot = "";
			targets = (
				5B0FA94016DEEEDD0068141D /* AFNetworking */,
			);
		};
/* End PBXProject section */

/* Begin PBXSourcesBuildPhase section */
		5B0FA93D16DEEEDD0068141D /* Sources */ = {
			isa = PBXSourcesBuildPhase;
			buildActionMask = 2147483647;
			files = (
				5B0FA94D16DEEEFE0068141D /* AFHTTPClient.m in Sources */,
				5B0FA94E16DEEEFF0068141D /* AFHTTPRequestOperation.m in Sources */,
				5B0FA94F16DEEEFF0068141D /* AFImageRequestOperation.m in Sources */,
				5B0FA95016DEEEFF0068141D /* AFJSONRequestOperation.m in Sources */,
				5B0FA95116DEEEFF0068141D /* AFNetworkActivityIndicatorManager.m in Sources */,
				5B0FA95216DEEEFF0068141D /* AFPropertyListRequestOperation.m in Sources */,
				5B0FA95316DEEEFF0068141D /* AFURLConnectionOperation.m in Sources */,
				5B0FA95416DEEEFF0068141D /* AFXMLRequestOperation.m in Sources */,
				5B0FA95516DEEEFF0068141D /* UIImageView+AFNetworking.m in Sources */,
			);
			runOnlyForDeploymentPostprocessing = 0;
		};
/* End PBXSourcesBuildPhase section */

/* Begin PBXVariantGroup section */
		5B1C9BEF16D1356000D90043 /* InfoPlist.strings */ = {
			isa = PBXVariantGroup;
			children = (
				5B1C9BF016D1356000D90043 /* en */,
			);
			name = InfoPlist.strings;
			sourceTree = "<group>";
		};
/* End PBXVariantGroup section */

/* Begin XCBuildConfiguration section */
		5B0FA94B16DEEEDD0068141D /* Debug */ = {
			isa = XCBuildConfiguration;
			buildSettings = {
				DSTROOT = /tmp/AFNetworking.dst;
				GCC_PRECOMPILE_PREFIX_HEADER = YES;
				GCC_PREFIX_HEADER = "AFNetworking/AFNetworking-Prefix.pch";
				OTHER_LDFLAGS = "-ObjC";
				PRODUCT_NAME = "$(TARGET_NAME)";
				PUBLIC_HEADERS_FOLDER_PATH = "include/$(PRODUCT_NAME)";
				SKIP_INSTALL = YES;
			};
			name = Debug;
		};
		5B0FA94C16DEEEDD0068141D /* Release */ = {
			isa = XCBuildConfiguration;
			buildSettings = {
				DSTROOT = /tmp/AFNetworking.dst;
				GCC_PRECOMPILE_PREFIX_HEADER = YES;
				GCC_PREFIX_HEADER = "AFNetworking/AFNetworking-Prefix.pch";
				OTHER_LDFLAGS = "-ObjC";
				PRODUCT_NAME = "$(TARGET_NAME)";
				PUBLIC_HEADERS_FOLDER_PATH = "include/$(PRODUCT_NAME)";
				SKIP_INSTALL = YES;
			};
			name = Release;
		};
		5B1C9BF316D1356000D90043 /* Debug */ = {
			isa = XCBuildConfiguration;
			buildSettings = {
				ALWAYS_SEARCH_USER_PATHS = NO;
				CLANG_CXX_LANGUAGE_STANDARD = "gnu++0x";
				CLANG_CXX_LIBRARY = "libc++";
				CLANG_ENABLE_OBJC_ARC = YES;
				CLANG_WARN_CONSTANT_CONVERSION = YES;
				CLANG_WARN_EMPTY_BODY = YES;
				CLANG_WARN_ENUM_CONVERSION = YES;
				CLANG_WARN_INT_CONVERSION = YES;
				CLANG_WARN__DUPLICATE_METHOD_MATCH = YES;
				COPY_PHASE_STRIP = NO;
				GCC_C_LANGUAGE_STANDARD = gnu99;
				GCC_DYNAMIC_NO_PIC = NO;
				GCC_OPTIMIZATION_LEVEL = 0;
				GCC_PREPROCESSOR_DEFINITIONS = (
					"DEBUG=1",
					"$(inherited)",
				);
				GCC_SYMBOLS_PRIVATE_EXTERN = NO;
				GCC_WARN_ABOUT_RETURN_TYPE = YES;
				GCC_WARN_UNINITIALIZED_AUTOS = YES;
				GCC_WARN_UNUSED_VARIABLE = YES;
				IPHONEOS_DEPLOYMENT_TARGET = 6.1;
				ONLY_ACTIVE_ARCH = YES;
				SDKROOT = iphoneos;
			};
			name = Debug;
		};
		5B1C9BF416D1356000D90043 /* Release */ = {
			isa = XCBuildConfiguration;
			buildSettings = {
				ALWAYS_SEARCH_USER_PATHS = NO;
				CLANG_CXX_LANGUAGE_STANDARD = "gnu++0x";
				CLANG_CXX_LIBRARY = "libc++";
				CLANG_ENABLE_OBJC_ARC = YES;
				CLANG_WARN_CONSTANT_CONVERSION = YES;
				CLANG_WARN_EMPTY_BODY = YES;
				CLANG_WARN_ENUM_CONVERSION = YES;
				CLANG_WARN_INT_CONVERSION = YES;
				CLANG_WARN__DUPLICATE_METHOD_MATCH = YES;
				COPY_PHASE_STRIP = YES;
				GCC_C_LANGUAGE_STANDARD = gnu99;
				GCC_WARN_ABOUT_RETURN_TYPE = YES;
				GCC_WARN_UNINITIALIZED_AUTOS = YES;
				GCC_WARN_UNUSED_VARIABLE = YES;
				IPHONEOS_DEPLOYMENT_TARGET = 6.1;
				SDKROOT = iphoneos;
				VALIDATE_PRODUCT = YES;
			};
			name = Release;
		};
/* End XCBuildConfiguration section */

/* Begin XCConfigurationList section */
		5B0FA94A16DEEEDD0068141D /* Build configuration list for PBXNativeTarget "AFNetworking" */ = {
			isa = XCConfigurationList;
			buildConfigurations = (
				5B0FA94B16DEEEDD0068141D /* Debug */,
				5B0FA94C16DEEEDD0068141D /* Release */,
			);
			defaultConfigurationIsVisible = 0;
			defaultConfigurationName = Release;
		};
		5B1C9BDE16D1356000D90043 /* Build configuration list for PBXProject "AFNetworking" */ = {
			isa = XCConfigurationList;
			buildConfigurations = (
				5B1C9BF316D1356000D90043 /* Debug */,
				5B1C9BF416D1356000D90043 /* Release */,
			);
			defaultConfigurationIsVisible = 0;
			defaultConfigurationName = Release;
		};
/* End XCConfigurationList section */
	};
	rootObject = 5B1C9BDB16D1356000D90043 /* Project object */;
}
